Microsoft Visual Studio Solution File, Format Version 12.00
# Visual Studio Version 17
VisualStudioVersion = 17.5.2.0
MinimumVisualStudioVersion = 10.0.40219.1
Project("{FAE04EC0-301F-11D3-BF4B-00C04F79EFBC}") = "MyPortfolioSite", "MyPortfolioSite.csproj", "{F5780230-74E9-249A-C117-2BFE47F9B492}"
EndProject
Global
	GlobalSection(SolutionConfigurationPlatforms) = preSolution
		Debug|Any CPU = Debug|Any CPU
		Release|Any CPU = Release|Any CPU
	EndGlobalSection
	GlobalSection(ProjectConfigurationPlatforms) = postSolution
		{F5780230-74E9-249A-C117-2BFE47F9B492}.Debug|Any CPU.ActiveCfg = Debug|Any CPU
		{F5780230-74E9-249A-C117-2BFE47F9B492}.Debug|Any CPU.Build.0 = Debug|Any CPU
		{F5780230-74E9-249A-C117-2BFE47F9B492}.Release|Any CPU.ActiveCfg = Release|Any CPU
		{F5780230-74E9-249A-C117-2BFE47F9B492}.Release|Any CPU.Build.0 = Release|Any CPU
	EndGlobalSection
	GlobalSection(SolutionProperties) = preSolution
		HideSolutionNode = FALSE
	EndGlobalSection
	GlobalSection(ExtensibilityGlobals) = postSolution
		SolutionGuid = {828783BD-5A18-4182-BCEA-66F81705B045}
	EndGlobalSection
EndGlobal
